
Microsoft Visual Studio Solution File, Format Version 12.00
# Visual Studio Version 18
VisualStudioVersion = 18.0.11217.181
MinimumVisualStudioVersion = 10.0.40219.1
Project("{2150E333-8FDC-42A3-9474-1A3956D46DE8}") = "ProductService", "ProductService", "{02EA681E-C7D8-13C7-8484-4AC65E1B71E8}"
EndProject
Project("{FAE04EC0-301F-11D3-BF4B-00C04F79EFBC}") = "ProductService.API", "ProductService.API\ProductService.API.csproj", "{0C17DA6D-A517-4C23-A74F-D189FF17AC01}"
EndProject
Project("{FAE04EC0-301F-11D3-BF4B-00C04F79EFBC}") = "ProductService.Infrastructure", "ProductService.Infrastructure\ProductService.Infrastructure.csproj", "{302C8BC0-8970-4039-A8E0-C4C7A23DC30E}"
EndProject
Project("{FAE04EC0-301F-11D3-BF4B-00C04F79EFBC}") = "ProductService.Domain", "ProductService.Domain\ProductService.Domain.csproj", "{F9D26657-C2E4-4111-8110-D96062513760}"
EndProject
Project("{FAE04EC0-301F-11D3-BF4B-00C04F79EFBC}") = "ProductService.Application", "ProductService.Application\ProductService.Application.csproj", "{6E6B7D02-3AD9-4E29-9B80-FA80C5DCE940}"
EndProject
Project("{2150E333-8FDC-42A3-9474-1A3956D46DE8}") = "CategoryService", "CategoryService", "{342251B3-C6E7-42AF-8A01-8C53D974BB08}"
EndProject
Project("{FAE04EC0-301F-11D3-BF4B-00C04F79EFBC}") = "CategoryService.Application", "CategoryService.Application\CategoryService.Application.csproj", "{4B0D732F-C8D0-422E-9753-790B519A2A0B}"
EndProject
Project("{FAE04EC0-301F-11D3-BF4B-00C04F79EFBC}") = "CategoryService.Domain", "CategoryService.Domain\CategoryService.Domain.csproj", "{9E7128B1-DED1-4341-ACF4-8BEF36BD2B1D}"
EndProject
Project("{FAE04EC0-301F-11D3-BF4B-00C04F79EFBC}") = "CategoryService.Infrastructure", "CategoryService.Infrastructure\CategoryService.Infrastructure.csproj", "{3A8ED0D1-B4AA-44EB-BD28-9D15898F3533}"
EndProject
Project("{FAE04EC0-301F-11D3-BF4B-00C04F79EFBC}") = "CategoryService.API", "CategoryService.API\CategoryService.API.csproj", "{47C13BC4-FC87-4696-8E09-6259F353863B}"
EndProject
Project("{2150E333-8FDC-42A3-9474-1A3956D46DE8}") = "Shared", "Shared", "{8D2B36DE-316C-49AD-AEF7-385098FFE15A}"
EndProject
Project("{FAE04EC0-301F-11D3-BF4B-00C04F79EFBC}") = "Shared", "Shared\Shared.csproj", "{8909C544-EF6D-468D-AB03-6349F6E9897E}"
EndProject
Project("{FAE04EC0-301F-11D3-BF4B-00C04F79EFBC}") = "ApiGateway", "ApiGateway\ApiGateway.csproj", "{294106D8-33A9-44CB-86D6-641E109386F4}"
EndProject
Project("{2150E333-8FDC-42A3-9474-1A3956D46DE8}") = "UserService", "UserService", "{E6503A31-A020-44BF-AF44-BBB292A3D32D}"
EndProject
Project("{FAE04EC0-301F-11D3-BF4B-00C04F79EFBC}") = "UserService.Application", "UserService.Application\UserService.Application.csproj", "{79E6AC79-D14B-4F6E-B67E-8EEB1503B252}"
EndProject
Project("{FAE04EC0-301F-11D3-BF4B-00C04F79EFBC}") = "UserService.Domain", "UserService.Domain\UserService.Domain.csproj", "{590E3339-1B1A-46EB-83A9-D9F90FA9D1FC}"
EndProject
Project("{FAE04EC0-301F-11D3-BF4B-00C04F79EFBC}") = "UserService.Infrastructure", "UserService.Infrastructure\UserService.Infrastructure.csproj", "{29AE917F-6527-4C02-B89D-DECE7219FF83}"
EndProject
Project("{FAE04EC0-301F-11D3-BF4B-00C04F79EFBC}") = "UserService.API", "UserService.API\UserService.API.csproj", "{48EEDEDD-E5F5-4BB0-8795-5F0B21AD1B19}"
EndProject
Project("{2150E333-8FDC-42A3-9474-1A3956D46DE8}") = "CartService", "CartService", "{161D2A60-6246-483C-AD0A-5C8A94B46D76}"
EndProject
Project("{FAE04EC0-301F-11D3-BF4B-00C04F79EFBC}") = "CartService.API", "CartService.API\CartService.API.csproj", "{50A067D7-3FFB-4A7A-B139-0ED0F3D79FC1}"
EndProject
Project("{FAE04EC0-301F-11D3-BF4B-00C04F79EFBC}") = "CartService.InfraStructure", "CartService.InfraStructure\CartService.InfraStructure.csproj", "{CC482F06-E2C6-4EF3-B21F-192909420CF6}"
EndProject
Project("{FAE04EC0-301F-11D3-BF4B-00C04F79EFBC}") = "CartService.Domain", "CartService.Domain\CartService.Domain.csproj", "{8D8583B1-C2A3-4860-B2DF-CCB2F97F6455}"
EndProject
Project("{FAE04EC0-301F-11D3-BF4B-00C04F79EFBC}") = "CartService.Application", "CartService.Application\CartService.Application.csproj", "{89537C76-4482-4D47-B8F2-F48C75FECC50}"
EndProject
Project("{2150E333-8FDC-42A3-9474-1A3956D46DE8}") = "OrderService", "OrderService", "{31BA708B-3954-4234-9324-0157F3E348B6}"
EndProject
Project("{FAE04EC0-301F-11D3-BF4B-00C04F79EFBC}") = "OrderService.Application", "OrderService.Application\OrderService.Application.csproj", "{F15B7B03-B50B-4A09-BA7C-1C8BA0345581}"
EndProject
Project("{FAE04EC0-301F-11D3-BF4B-00C04F79EFBC}") = "OrderService.Infrastructure", "OrderService.Infrastructure\OrderService.Infrastructure.csproj", "{98B05627-D49D-4C7B-9EF3-D8E17BE162EB}"
EndProject
Project("{FAE04EC0-301F-11D3-BF4B-00C04F79EFBC}") = "OrderService.Domain", "OrderService.Domain\OrderService.Domain.csproj", "{1616C45E-A9E0-44D5-936F-B8E4B86B4848}"
EndProject
Project("{FAE04EC0-301F-11D3-BF4B-00C04F79EFBC}") = "OrderService.API", "OrderService.API\OrderService.API.csproj", "{0D5A631F-1B31-4D67-A5B2-5BD1B65232BB}"
EndProject
Project("{2150E333-8FDC-42A3-9474-1A3956D46DE8}") = "PaymentService", "PaymentService", "{446200AC-D460-4187-8140-BB6310A35AE5}"
EndProject
Project("{FAE04EC0-301F-11D3-BF4B-00C04F79EFBC}") = "PaymentService.API", "PaymentService.API\PaymentService.API.csproj", "{FAB75C52-0400-460B-BB84-AF1EE494C70D}"
EndProject
Project("{FAE04EC0-301F-11D3-BF4B-00C04F79EFBC}") = "PaymentService.Domain", "PaymentService.Domain\PaymentService.Domain.csproj", "{FFC297AF-73F4-4C2B-888E-DF08A62F194F}"
EndProject
Project("{FAE04EC0-301F-11D3-BF4B-00C04F79EFBC}") = "PaymentService.Infrastructure", "PaymentService.Infrastructure\PaymentService.Infrastructure.csproj", "{CE620710-E4FA-42BF-8F2B-092DF786AAB9}"
EndProject
Project("{FAE04EC0-301F-11D3-BF4B-00C04F79EFBC}") = "PaymentService.Application", "PaymentService.Application\PaymentService.Application.csproj", "{9DB99DED-D844-4D24-8CB3-07D38E80C829}"
EndProject
Project("{2150E333-8FDC-42A3-9474-1A3956D46DE8}") = "StockService", "StockService", "{390CFB22-384A-4B74-BFD1-3B24ADD7BDD5}"
EndProject
Project("{2150E333-8FDC-42A3-9474-1A3956D46DE8}") = "ShippingService", "ShippingService", "{1646BDBE-54AF-4412-976B-995DA9438856}"
EndProject
Project("{2150E333-8FDC-42A3-9474-1A3956D46DE8}") = "NotificationService", "NotificationService", "{9ED764B0-F05D-4F9D-A0F1-2ECE07BF5681}"
EndProject
Project("{FAE04EC0-301F-11D3-BF4B-00C04F79EFBC}") = "ShippingService.Domain", "ShippingService.Domain\ShippingService.Domain.csproj", "{321B8F27-999B-4B0E-AD93-AD4B399555C1}"
EndProject
Project("{FAE04EC0-301F-11D3-BF4B-00C04F79EFBC}") = "ShippingService.Infrastructure", "ShippingService.Infrastructure\ShippingService.Infrastructure.csproj", "{671DF3D2-F29C-450D-842F-BB2365029D7A}"
EndProject
Project("{FAE04EC0-301F-11D3-BF4B-00C04F79EFBC}") = "ShippingService.Application", "ShippingService.Application\ShippingService.Application.csproj", "{58C4CA60-2B67-446D-8A13-F4D6EDEA18C0}"
EndProject
Project("{FAE04EC0-301F-11D3-BF4B-00C04F79EFBC}") = "ShippingService.API", "ShippingService.API\ShippingService.API.csproj", "{16B85560-5F97-4B78-A499-578CCBCCD694}"
EndProject
Project("{FAE04EC0-301F-11D3-BF4B-00C04F79EFBC}") = "NotificationService.Domain", "NotificationService.Domain\NotificationService.Domain.csproj", "{9E163333-7B8E-4E5C-84CD-9BC208D3376D}"
EndProject
Project("{FAE04EC0-301F-11D3-BF4B-00C04F79EFBC}") = "NotificationService.Application", "NotificationService.Application\NotificationService.Application.csproj", "{1E0743AB-2AD3-4179-ACCA-F630264B7733}"
EndProject
Project("{FAE04EC0-301F-11D3-BF4B-00C04F79EFBC}") = "NotificationService.Infrastructure", "NotificationService.Infrastructure\NotificationService.Infrastructure.csproj", "{4B6BFCDE-3391-4BE9-8204-EE4A577619B4}"
EndProject
Project("{FAE04EC0-301F-11D3-BF4B-00C04F79EFBC}") = "NotificationService.API", "NotificationService.API\NotificationService.API.csproj", "{3F827D4E-489D-4491-B71E-AF35A53E4DD4}"
EndProject
Global
	GlobalSection(SolutionConfigurationPlatforms) = preSolution
		Debug|Any CPU = Debug|Any CPU
		Release|Any CPU = Release|Any CPU
	EndGlobalSection
	GlobalSection(ProjectConfigurationPlatforms) = postSolution
		{0C17DA6D-A517-4C23-A74F-D189FF17AC01}.Debug|Any CPU.ActiveCfg = Debug|Any CPU
		{0C17DA6D-A517-4C23-A74F-D189FF17AC01}.Debug|Any CPU.Build.0 = Debug|Any CPU
		{0C17DA6D-A517-4C23-A74F-D189FF17AC01}.Release|Any CPU.ActiveCfg = Release|Any CPU
		{0C17DA6D-A517-4C23-A74F-D189FF17AC01}.Release|Any CPU.Build.0 = Release|Any CPU
		{302C8BC0-8970-4039-A8E0-C4C7A23DC30E}.Debug|Any CPU.ActiveCfg = Debug|Any CPU
		{302C8BC0-8970-4039-A8E0-C4C7A23DC30E}.Debug|Any CPU.Build.0 = Debug|Any CPU
		{302C8BC0-8970-4039-A8E0-C4C7A23DC30E}.Release|Any CPU.ActiveCfg = Release|Any CPU
		{302C8BC0-8970-4039-A8E0-C4C7A23DC30E}.Release|Any CPU.Build.0 = Release|Any CPU
		{F9D26657-C2E4-4111-8110-D96062513760}.Debug|Any CPU.ActiveCfg = Debug|Any CPU
		{F9D26657-C2E4-4111-8110-D96062513760}.Debug|Any CPU.Build.0 = Debug|Any CPU
		{F9D26657-C2E4-4111-8110-D96062513760}.Release|Any CPU.ActiveCfg = Release|Any CPU
		{F9D26657-C2E4-4111-8110-D96062513760}.Release|Any CPU.Build.0 = Release|Any CPU
		{6E6B7D02-3AD9-4E29-9B80-FA80C5DCE940}.Debug|Any CPU.ActiveCfg = Debug|Any CPU
		{6E6B7D02-3AD9-4E29-9B80-FA80C5DCE940}.Debug|Any CPU.Build.0 = Debug|Any CPU
		{6E6B7D02-3AD9-4E29-9B80-FA80C5DCE940}.Release|Any CPU.ActiveCfg = Release|Any CPU
		{6E6B7D02-3AD9-4E29-9B80-FA80C5DCE940}.Release|Any CPU.Build.0 = Release|Any CPU
		{4B0D732F-C8D0-422E-9753-790B519A2A0B}.Debug|Any CPU.ActiveCfg = Debug|Any CPU
		{4B0D732F-C8D0-422E-9753-790B519A2A0B}.Debug|Any CPU.Build.0 = Debug|Any CPU
		{4B0D732F-C8D0-422E-9753-790B519A2A0B}.Release|Any CPU.ActiveCfg = Release|Any CPU
		{4B0D732F-C8D0-422E-9753-790B519A2A0B}.Release|Any CPU.Build.0 = Release|Any CPU
		{9E7128B1-DED1-4341-ACF4-8BEF36BD2B1D}.Debug|Any CPU.ActiveCfg = Debug|Any CPU
		{9E7128B1-DED1-4341-ACF4-8BEF36BD2B1D}.Debug|Any CPU.Build.0 = Debug|Any CPU
		{9E7128B1-DED1-4341-ACF4-8BEF36BD2B1D}.Release|Any CPU.ActiveCfg = Release|Any CPU
		{9E7128B1-DED1-4341-ACF4-8BEF36BD2B1D}.Release|Any CPU.Build.0 = Release|Any CPU
		{3A8ED0D1-B4AA-44EB-BD28-9D15898F3533}.Debug|Any CPU.ActiveCfg = Debug|Any CPU
		{3A8ED0D1-B4AA-44EB-BD28-9D15898F3533}.Debug|Any CPU.Build.0 = Debug|Any CPU
		{3A8ED0D1-B4AA-44EB-BD28-9D15898F3533}.Release|Any CPU.ActiveCfg = Release|Any CPU
		{3A8ED0D1-B4AA-44EB-BD28-9D15898F3533}.Release|Any CPU.Build.0 = Release|Any CPU
		{47C13BC4-FC87-4696-8E09-6259F353863B}.Debug|Any CPU.ActiveCfg = Debug|Any CPU
		{47C13BC4-FC87-4696-8E09-6259F353863B}.Debug|Any CPU.Build.0 = Debug|Any CPU
		{47C13BC4-FC87-4696-8E09-6259F353863B}.Release|Any CPU.ActiveCfg = Release|Any CPU
		{47C13BC4-FC87-4696-8E09-6259F353863B}.Release|Any CPU.Build.0 = Release|Any CPU
		{8909C544-EF6D-468D-AB03-6349F6E9897E}.Debug|Any CPU.ActiveCfg = Debug|Any CPU
		{8909C544-EF6D-468D-AB03-6349F6E9897E}.Debug|Any CPU.Build.0 = Debug|Any CPU
		{8909C544-EF6D-468D-AB03-6349F6E9897E}.Release|Any CPU.ActiveCfg = Release|Any CPU
		{8909C544-EF6D-468D-AB03-6349F6E9897E}.Release|Any CPU.Build.0 = Release|Any CPU
		{294106D8-33A9-44CB-86D6-641E109386F4}.Debug|Any CPU.ActiveCfg = Debug|Any CPU
		{294106D8-33A9-44CB-86D6-641E109386F4}.Debug|Any CPU.Build.0 = Debug|Any CPU
		{294106D8-33A9-44CB-86D6-641E109386F4}.Release|Any CPU.ActiveCfg = Release|Any CPU
		{294106D8-33A9-44CB-86D6-641E109386F4}.Release|Any CPU.Build.0 = Release|Any CPU
		{79E6AC79-D14B-4F6E-B67E-8EEB1503B252}.Debug|Any CPU.ActiveCfg = Debug|Any CPU
		{79E6AC79-D14B-4F6E-B67E-8EEB1503B252}.Debug|Any CPU.Build.0 = Debug|Any CPU
		{79E6AC79-D14B-4F6E-B67E-8EEB1503B252}.Release|Any CPU.ActiveCfg = Release|Any CPU
		{79E6AC79-D14B-4F6E-B67E-8EEB1503B252}.Release|Any CPU.Build.0 = Release|Any CPU
		{590E3339-1B1A-46EB-83A9-D9F90FA9D1FC}.Debug|Any CPU.ActiveCfg = Debug|Any CPU
		{590E3339-1B1A-46EB-83A9-D9F90FA9D1FC}.Debug|Any CPU.Build.0 = Debug|Any CPU
		{590E3339-1B1A-46EB-83A9-D9F90FA9D1FC}.Release|Any CPU.ActiveCfg = Release|Any CPU
		{590E3339-1B1A-46EB-83A9-D9F90FA9D1FC}.Release|Any CPU.Build.0 = Release|Any CPU
		{29AE917F-6527-4C02-B89D-DECE7219FF83}.Debug|Any CPU.ActiveCfg = Debug|Any CPU
		{29AE917F-6527-4C02-B89D-DECE7219FF83}.Debug|Any CPU.Build.0 = Debug|Any CPU
		{29AE917F-6527-4C02-B89D-DECE7219FF83}.Release|Any CPU.ActiveCfg = Release|Any CPU
		{29AE917F-6527-4C02-B89D-DECE7219FF83}.Release|Any CPU.Build.0 = Release|Any CPU
		{48EEDEDD-E5F5-4BB0-8795-5F0B21AD1B19}.Debug|Any CPU.ActiveCfg = Debug|Any CPU
		{48EEDEDD-E5F5-4BB0-8795-5F0B21AD1B19}.Debug|Any CPU.Build.0 = Debug|Any CPU
		{48EEDEDD-E5F5-4BB0-8795-5F0B21AD1B19}.Release|Any CPU.ActiveCfg = Release|Any CPU
		{48EEDEDD-E5F5-4BB0-8795-5F0B21AD1B19}.Release|Any CPU.Build.0 = Release|Any CPU
		{50A067D7-3FFB-4A7A-B139-0ED0F3D79FC1}.Debug|Any CPU.ActiveCfg = Debug|Any CPU
		{50A067D7-3FFB-4A7A-B139-0ED0F3D79FC1}.Debug|Any CPU.Build.0 = Debug|Any CPU
		{50A067D7-3FFB-4A7A-B139-0ED0F3D79FC1}.Release|Any CPU.ActiveCfg = Release|Any CPU
		{50A067D7-3FFB-4A7A-B139-0ED0F3D79FC1}.Release|Any CPU.Build.0 = Release|Any CPU
		{CC482F06-E2C6-4EF3-B21F-192909420CF6}.Debug|Any CPU.ActiveCfg = Debug|Any CPU
		{CC482F06-E2C6-4EF3-B21F-192909420CF6}.Debug|Any CPU.Build.0 = Debug|Any CPU
		{CC482F06-E2C6-4EF3-B21F-192909420CF6}.Release|Any CPU.ActiveCfg = Release|Any CPU
		{CC482F06-E2C6-4EF3-B21F-192909420CF6}.Release|Any CPU.Build.0 = Release|Any CPU
		{8D8583B1-C2A3-4860-B2DF-CCB2F97F6455}.Debug|Any CPU.ActiveCfg = Debug|Any CPU
		{8D8583B1-C2A3-4860-B2DF-CCB2F97F6455}.Debug|Any CPU.Build.0 = Debug|Any CPU
		{8D8583B1-C2A3-4860-B2DF-CCB2F97F6455}.Release|Any CPU.ActiveCfg = Release|Any CPU
		{8D8583B1-C2A3-4860-B2DF-CCB2F97F6455}.Release|Any CPU.Build.0 = Release|Any CPU
		{89537C76-4482-4D47-B8F2-F48C75FECC50}.Debug|Any CPU.ActiveCfg = Debug|Any CPU
		{89537C76-4482-4D47-B8F2-F48C75FECC50}.Debug|Any CPU.Build.0 = Debug|Any CPU
		{89537C76-4482-4D47-B8F2-F48C75FECC50}.Release|Any CPU.ActiveCfg = Release|Any CPU
		{89537C76-4482-4D47-B8F2-F48C75FECC50}.Release|Any CPU.Build.0 = Release|Any CPU
		{F15B7B03-B50B-4A09-BA7C-1C8BA0345581}.Debug|Any CPU.ActiveCfg = Debug|Any CPU
		{F15B7B03-B50B-4A09-BA7C-1C8BA0345581}.Debug|Any CPU.Build.0 = Debug|Any CPU
		{F15B7B03-B50B-4A09-BA7C-1C8BA0345581}.Release|Any CPU.ActiveCfg = Release|Any CPU
		{F15B7B03-B50B-4A09-BA7C-1C8BA0345581}.Release|Any CPU.Build.0 = Release|Any CPU
		{98B05627-D49D-4C7B-9EF3-D8E17BE162EB}.Debug|Any CPU.ActiveCfg = Debug|Any CPU
		{98B05627-D49D-4C7B-9EF3-D8E17BE162EB}.Debug|Any CPU.Build.0 = Debug|Any CPU
		{98B05627-D49D-4C7B-9EF3-D8E17BE162EB}.Release|Any CPU.ActiveCfg = Release|Any CPU
		{98B05627-D49D-4C7B-9EF3-D8E17BE162EB}.Release|Any CPU.Build.0 = Release|Any CPU
		{1616C45E-A9E0-44D5-936F-B8E4B86B4848}.Debug|Any CPU.ActiveCfg = Debug|Any CPU
		{1616C45E-A9E0-44D5-936F-B8E4B86B4848}.Debug|Any CPU.Build.0 = Debug|Any CPU
		{1616C45E-A9E0-44D5-936F-B8E4B86B4848}.Release|Any CPU.ActiveCfg = Release|Any CPU
		{1616C45E-A9E0-44D5-936F-B8E4B86B4848}.Release|Any CPU.Build.0 = Release|Any CPU
		{0D5A631F-1B31-4D67-A5B2-5BD1B65232BB}.Debug|Any CPU.ActiveCfg = Debug|Any CPU
		{0D5A631F-1B31-4D67-A5B2-5BD1B65232BB}.Debug|Any CPU.Build.0 = Debug|Any CPU
		{0D5A631F-1B31-4D67-A5B2-5BD1B65232BB}.Release|Any CPU.ActiveCfg = Release|Any CPU
		{0D5A631F-1B31-4D67-A5B2-5BD1B65232BB}.Release|Any CPU.Build.0 = Release|Any CPU
		{FAB75C52-0400-460B-BB84-AF1EE494C70D}.Debug|Any CPU.ActiveCfg = Debug|Any CPU
		{FAB75C52-0400-460B-BB84-AF1EE494C70D}.Debug|Any CPU.Build.0 = Debug|Any CPU
		{FAB75C52-0400-460B-BB84-AF1EE494C70D}.Release|Any CPU.ActiveCfg = Release|Any CPU
		{FAB75C52-0400-460B-BB84-AF1EE494C70D}.Release|Any CPU.Build.0 = Release|Any CPU
		{FFC297AF-73F4-4C2B-888E-DF08A62F194F}.Debug|Any CPU.ActiveCfg = Debug|Any CPU
		{FFC297AF-73F4-4C2B-888E-DF08A62F194F}.Debug|Any CPU.Build.0 = Debug|Any CPU
		{FFC297AF-73F4-4C2B-888E-DF08A62F194F}.Release|Any CPU.ActiveCfg = Release|Any CPU
		{FFC297AF-73F4-4C2B-888E-DF08A62F194F}.Release|Any CPU.Build.0 = Release|Any CPU
		{CE620710-E4FA-42BF-8F2B-092DF786AAB9}.Debug|Any CPU.ActiveCfg = Debug|Any CPU
		{CE620710-E4FA-42BF-8F2B-092DF786AAB9}.Debug|Any CPU.Build.0 = Debug|Any CPU
		{CE620710-E4FA-42BF-8F2B-092DF786AAB9}.Release|Any CPU.ActiveCfg = Release|Any CPU
		{CE620710-E4FA-42BF-8F2B-092DF786AAB9}.Release|Any CPU.Build.0 = Release|Any CPU
		{9DB99DED-D844-4D24-8CB3-07D38E80C829}.Debug|Any CPU.ActiveCfg = Debug|Any CPU
		{9DB99DED-D844-4D24-8CB3-07D38E80C829}.Debug|Any CPU.Build.0 = Debug|Any CPU
		{9DB99DED-D844-4D24-8CB3-07D38E80C829}.Release|Any CPU.ActiveCfg = Release|Any CPU
		{9DB99DED-D844-4D24-8CB3-07D38E80C829}.Release|Any CPU.Build.0 = Release|Any CPU
		{321B8F27-999B-4B0E-AD93-AD4B399555C1}.Debug|Any CPU.ActiveCfg = Debug|Any CPU
		{321B8F27-999B-4B0E-AD93-AD4B399555C1}.Debug|Any CPU.Build.0 = Debug|Any CPU
		{321B8F27-999B-4B0E-AD93-AD4B399555C1}.Release|Any CPU.ActiveCfg = Release|Any CPU
		{321B8F27-999B-4B0E-AD93-AD4B399555C1}.Release|Any CPU.Build.0 = Release|Any CPU
		{671DF3D2-F29C-450D-842F-BB2365029D7A}.Debug|Any CPU.ActiveCfg = Debug|Any CPU
		{671DF3D2-F29C-450D-842F-BB2365029D7A}.Debug|Any CPU.Build.0 = Debug|Any CPU
		{671DF3D2-F29C-450D-842F-BB2365029D7A}.Release|Any CPU.ActiveCfg = Release|Any CPU
		{671DF3D2-F29C-450D-842F-BB2365029D7A}.Release|Any CPU.Build.0 = Release|Any CPU
		{58C4CA60-2B67-446D-8A13-F4D6EDEA18C0}.Debug|Any CPU.ActiveCfg = Debug|Any CPU
		{58C4CA60-2B67-446D-8A13-F4D6EDEA18C0}.Debug|Any CPU.Build.0 = Debug|Any CPU
		{58C4CA60-2B67-446D-8A13-F4D6EDEA18C0}.Release|Any CPU.ActiveCfg = Release|Any CPU
		{58C4CA60-2B67-446D-8A13-F4D6EDEA18C0}.Release|Any CPU.Build.0 = Release|Any CPU
		{16B85560-5F97-4B78-A499-578CCBCCD694}.Debug|Any CPU.ActiveCfg = Debug|Any CPU
		{16B85560-5F97-4B78-A499-578CCBCCD694}.Debug|Any CPU.Build.0 = Debug|Any CPU
		{16B85560-5F97-4B78-A499-578CCBCCD694}.Release|Any CPU.ActiveCfg = Release|Any CPU
		{16B85560-5F97-4B78-A499-578CCBCCD694}.Release|Any CPU.Build.0 = Release|Any CPU
		{9E163333-7B8E-4E5C-84CD-9BC208D3376D}.Debug|Any CPU.ActiveCfg = Debug|Any CPU
		{9E163333-7B8E-4E5C-84CD-9BC208D3376D}.Debug|Any CPU.Build.0 = Debug|Any CPU
		{9E163333-7B8E-4E5C-84CD-9BC208D3376D}.Release|Any CPU.ActiveCfg = Release|Any CPU
		{9E163333-7B8E-4E5C-84CD-9BC208D3376D}.Release|Any CPU.Build.0 = Release|Any CPU
		{1E0743AB-2AD3-4179-ACCA-F630264B7733}.Debug|Any CPU.ActiveCfg = Debug|Any CPU
		{1E0743AB-2AD3-4179-ACCA-F630264B7733}.Debug|Any CPU.Build.0 = Debug|Any CPU
		{1E0743AB-2AD3-4179-ACCA-F630264B7733}.Release|Any CPU.ActiveCfg = Release|Any CPU
		{1E0743AB-2AD3-4179-ACCA-F630264B7733}.Release|Any CPU.Build.0 = Release|Any CPU
		{4B6BFCDE-3391-4BE9-8204-EE4A577619B4}.Debug|Any CPU.ActiveCfg = Debug|Any CPU
		{4B6BFCDE-3391-4BE9-8204-EE4A577619B4}.Debug|Any CPU.Build.0 = Debug|Any CPU
		{4B6BFCDE-3391-4BE9-8204-EE4A577619B4}.Release|Any CPU.ActiveCfg = Release|Any CPU
		{4B6BFCDE-3391-4BE9-8204-EE4A577619B4}.Release|Any CPU.Build.0 = Release|Any CPU
		{3F827D4E-489D-4491-B71E-AF35A53E4DD4}.Debug|Any CPU.ActiveCfg = Debug|Any CPU
		{3F827D4E-489D-4491-B71E-AF35A53E4DD4}.Debug|Any CPU.Build.0 = Debug|Any CPU
		{3F827D4E-489D-4491-B71E-AF35A53E4DD4}.Release|Any CPU.ActiveCfg = Release|Any CPU
		{3F827D4E-489D-4491-B71E-AF35A53E4DD4}.Release|Any CPU.Build.0 = Release|Any CPU
	EndGlobalSection
	GlobalSection(SolutionProperties) = preSolution
		HideSolutionNode = FALSE
	EndGlobalSection
	GlobalSection(NestedProjects) = preSolution
		{0C17DA6D-A517-4C23-A74F-D189FF17AC01} = {02EA681E-C7D8-13C7-8484-4AC65E1B71E8}
		{302C8BC0-8970-4039-A8E0-C4C7A23DC30E} = {02EA681E-C7D8-13C7-8484-4AC65E1B71E8}
		{F9D26657-C2E4-4111-8110-D96062513760} = {02EA681E-C7D8-13C7-8484-4AC65E1B71E8}
		{6E6B7D02-3AD9-4E29-9B80-FA80C5DCE940} = {02EA681E-C7D8-13C7-8484-4AC65E1B71E8}
		{4B0D732F-C8D0-422E-9753-790B519A2A0B} = {342251B3-C6E7-42AF-8A01-8C53D974BB08}
		{9E7128B1-DED1-4341-ACF4-8BEF36BD2B1D} = {342251B3-C6E7-42AF-8A01-8C53D974BB08}
		{3A8ED0D1-B4AA-44EB-BD28-9D15898F3533} = {342251B3-C6E7-42AF-8A01-8C53D974BB08}
		{47C13BC4-FC87-4696-8E09-6259F353863B} = {342251B3-C6E7-42AF-8A01-8C53D974BB08}
		{8909C544-EF6D-468D-AB03-6349F6E9897E} = {8D2B36DE-316C-49AD-AEF7-385098FFE15A}
		{79E6AC79-D14B-4F6E-B67E-8EEB1503B252} = {E6503A31-A020-44BF-AF44-BBB292A3D32D}
		{590E3339-1B1A-46EB-83A9-D9F90FA9D1FC} = {E6503A31-A020-44BF-AF44-BBB292A3D32D}
		{29AE917F-6527-4C02-B89D-DECE7219FF83} = {E6503A31-A020-44BF-AF44-BBB292A3D32D}
		{48EEDEDD-E5F5-4BB0-8795-5F0B21AD1B19} = {E6503A31-A020-44BF-AF44-BBB292A3D32D}
		{50A067D7-3FFB-4A7A-B139-0ED0F3D79FC1} = {161D2A60-6246-483C-AD0A-5C8A94B46D76}
		{CC482F06-E2C6-4EF3-B21F-192909420CF6} = {161D2A60-6246-483C-AD0A-5C8A94B46D76}
		{8D8583B1-C2A3-4860-B2DF-CCB2F97F6455} = {161D2A60-6246-483C-AD0A-5C8A94B46D76}
		{89537C76-4482-4D47-B8F2-F48C75FECC50} = {161D2A60-6246-483C-AD0A-5C8A94B46D76}
		{F15B7B03-B50B-4A09-BA7C-1C8BA0345581} = {31BA708B-3954-4234-9324-0157F3E348B6}
		{98B05627-D49D-4C7B-9EF3-D8E17BE162EB} = {31BA708B-3954-4234-9324-0157F3E348B6}
		{1616C45E-A9E0-44D5-936F-B8E4B86B4848} = {31BA708B-3954-4234-9324-0157F3E348B6}
		{0D5A631F-1B31-4D67-A5B2-5BD1B65232BB} = {31BA708B-3954-4234-9324-0157F3E348B6}
		{FAB75C52-0400-460B-BB84-AF1EE494C70D} = {446200AC-D460-4187-8140-BB6310A35AE5}
		{FFC297AF-73F4-4C2B-888E-DF08A62F194F} = {446200AC-D460-4187-8140-BB6310A35AE5}
		{CE620710-E4FA-42BF-8F2B-092DF786AAB9} = {446200AC-D460-4187-8140-BB6310A35AE5}
		{9DB99DED-D844-4D24-8CB3-07D38E80C829} = {446200AC-D460-4187-8140-BB6310A35AE5}
		{321B8F27-999B-4B0E-AD93-AD4B399555C1} = {1646BDBE-54AF-4412-976B-995DA9438856}
		{671DF3D2-F29C-450D-842F-BB2365029D7A} = {1646BDBE-54AF-4412-976B-995DA9438856}
		{58C4CA60-2B67-446D-8A13-F4D6EDEA18C0} = {1646BDBE-54AF-4412-976B-995DA9438856}
		{16B85560-5F97-4B78-A499-578CCBCCD694} = {1646BDBE-54AF-4412-976B-995DA9438856}
		{9E163333-7B8E-4E5C-84CD-9BC208D3376D} = {9ED764B0-F05D-4F9D-A0F1-2ECE07BF5681}
		{1E0743AB-2AD3-4179-ACCA-F630264B7733} = {9ED764B0-F05D-4F9D-A0F1-2ECE07BF5681}
		{4B6BFCDE-3391-4BE9-8204-EE4A577619B4} = {9ED764B0-F05D-4F9D-A0F1-2ECE07BF5681}
		{3F827D4E-489D-4491-B71E-AF35A53E4DD4} = {9ED764B0-F05D-4F9D-A0F1-2ECE07BF5681}
	EndGlobalSection
	GlobalSection(ExtensibilityGlobals) = postSolution
		SolutionGuid = {AE5F7C9A-807B-49D9-9698-0AE7CA462316}
	EndGlobalSection
EndGlobal
